// !$*UTF8*$!
{
	archiveVersion = 1;
	classes = {
	};
	objectVersion = 56;
	objects = {

/* Begin PBXBuildFile section */
		8D8A5BF72B9E425100940D55 /* AppDelegate.swift in Sources */ = {isa = PBXBuildFile; fileRef = 8D8A5BF62B9E425100940D55 /* AppDelegate.swift */; };
		8D8A5BFB2B9E425100940D55 /* ViewController.swift in Sources */ = {isa = PBXBuildFile; fileRef = 8D8A5BFA2B9E425100940D55 /* ViewController.swift */; };
		8D8A5C002B9E425200940D55 /* Assets.xcassets in Resources */ = {isa = PBXBuildFile; fileRef = 8D8A5BFF2B9E425200940D55 /* Assets.xcassets */; };
		8D8E85582BA611B400D3475D /* Event.swift in Sources */ = {isa = PBXBuildFile; fileRef = 8D8E85572BA611B400D3475D /* Event.swift */; };
		8D8E855B2BA663F300D3475D /* MatchView.swift in Sources */ = {isa = PBXBuildFile; fileRef = 8D8E855A2BA663F300D3475D /* MatchView.swift */; };
		8D8E855E2BA6680800D3475D /* SnapKit in Frameworks */ = {isa = PBXBuildFile; productRef = 8D8E855D2BA6680800D3475D /* SnapKit */; };
		8D8E85602BA6680800D3475D /* SnapKit-Dynamic in Frameworks */ = {isa = PBXBuildFile; productRef = 8D8E855F2BA6680800D3475D /* SnapKit-Dynamic */; };
		8D8E85642BA668CC00D3475D /* SofaAcademic in Frameworks */ = {isa = PBXBuildFile; productRef = 8D8E85632BA668CC00D3475D /* SofaAcademic */; };
		8D8E85662BA684AB00D3475D /* LeagueView.swift in Sources */ = {isa = PBXBuildFile; fileRef = 8D8E85652BA684AB00D3475D /* LeagueView.swift */; };
		8D8E85692BA7AE9800D3475D /* Fonts.swift in Sources */ = {isa = PBXBuildFile; fileRef = 8D8E85682BA7AE9800D3475D /* Fonts.swift */; };
		8D8E856B2BA7B06100D3475D /* Colors.swift in Sources */ = {isa = PBXBuildFile; fileRef = 8D8E856A2BA7B06100D3475D /* Colors.swift */; };
		8D8E85702BADB7CA00D3475D /* Constants.swift in Sources */ = {isa = PBXBuildFile; fileRef = 8D8E856F2BADB7CA00D3475D /* Constants.swift */; };
		8D8E85732BADC55D00D3475D /* ValuePair.swift in Sources */ = {isa = PBXBuildFile; fileRef = 8D8E85722BADC55D00D3475D /* ValuePair.swift */; };
/* End PBXBuildFile section */

/* Begin PBXFileReference section */
		8D8A5BF32B9E425100940D55 /* SofaScoreAcademy.app */ = {isa = PBXFileReference; explicitFileType = wrapper.application; includeInIndex = 0; path = SofaScoreAcademy.app; sourceTree = BUILT_PRODUCTS_DIR; };
		8D8A5BF62B9E425100940D55 /* AppDelegate.swift */ = {isa = PBXFileReference; lastKnownFileType = sourcecode.swift; path = AppDelegate.swift; sourceTree = "<group>"; };
		8D8A5BFA2B9E425100940D55 /* ViewController.swift */ = {isa = PBXFileReference; lastKnownFileType = sourcecode.swift; path = ViewController.swift; sourceTree = "<group>"; };
		8D8A5BFF2B9E425200940D55 /* Assets.xcassets */ = {isa = PBXFileReference; lastKnownFileType = folder.assetcatalog; path = Assets.xcassets; sourceTree = "<group>"; };
		8D8A5C042B9E425200940D55 /* Info.plist */ = {isa = PBXFileReference; lastKnownFileType = text.plist.xml; path = Info.plist; sourceTree = "<group>"; };
		8D8E85572BA611B400D3475D /* Event.swift */ = {isa = PBXFileReference; lastKnownFileType = sourcecode.swift; path = Event.swift; sourceTree = "<group>"; };
		8D8E855A2BA663F300D3475D /* MatchView.swift */ = {isa = PBXFileReference; lastKnownFileType = sourcecode.swift; path = MatchView.swift; sourceTree = "<group>"; };
		8D8E85652BA684AB00D3475D /* LeagueView.swift */ = {isa = PBXFileReference; lastKnownFileType = sourcecode.swift; path = LeagueView.swift; sourceTree = "<group>"; };
		8D8E85682BA7AE9800D3475D /* Fonts.swift */ = {isa = PBXFileReference; lastKnownFileType = sourcecode.swift; path = Fonts.swift; sourceTree = "<group>"; };
		8D8E856A2BA7B06100D3475D /* Colors.swift */ = {isa = PBXFileReference; lastKnownFileType = sourcecode.swift; path = Colors.swift; sourceTree = "<group>"; };
		8D8E856F2BADB7CA00D3475D /* Constants.swift */ = {isa = PBXFileReference; lastKnownFileType = sourcecode.swift; path = Constants.swift; sourceTree = "<group>"; };
		8D8E85722BADC55D00D3475D /* ValuePair.swift */ = {isa = PBXFileReference; lastKnownFileType = sourcecode.swift; path = ValuePair.swift; sourceTree = "<group>"; };
/* End PBXFileReference section */

/* Begin PBXFrameworksBuildPhase section */
		8D8A5BF02B9E425100940D55 /* Frameworks */ = {
			isa = PBXFrameworksBuildPhase;
			buildActionMask = 2147483647;
			files = (
				8D8E855E2BA6680800D3475D /* SnapKit in Frameworks */,
				8D8E85642BA668CC00D3475D /* SofaAcademic in Frameworks */,
				8D8E85602BA6680800D3475D /* SnapKit-Dynamic in Frameworks */,
			);
			runOnlyForDeploymentPostprocessing = 0;
		};
/* End PBXFrameworksBuildPhase section */

/* Begin PBXGroup section */
		8D8A5BEA2B9E425100940D55 = {
			isa = PBXGroup;
			children = (
				8D8A5BF52B9E425100940D55 /* SofaScoreAcademy */,
				8D8A5BF42B9E425100940D55 /* Products */,
			);
			sourceTree = "<group>";
		};
		8D8A5BF42B9E425100940D55 /* Products */ = {
			isa = PBXGroup;
			children = (
				8D8A5BF32B9E425100940D55 /* SofaScoreAcademy.app */,
			);
			name = Products;
			sourceTree = "<group>";
		};
		8D8A5BF52B9E425100940D55 /* SofaScoreAcademy */ = {
			isa = PBXGroup;
			children = (
				8D8E85712BADC52500D3475D /* Utilities */,
				8D8E85672BA7AE8700D3475D /* Abstractions */,
				8D8E85592BA663DB00D3475D /* Views */,
				8D8E85562BA6119900D3475D /* Models */,
				8D8A5BF62B9E425100940D55 /* AppDelegate.swift */,
				8D8A5BFA2B9E425100940D55 /* ViewController.swift */,
				8D8A5BFF2B9E425200940D55 /* Assets.xcassets */,
				8D8A5C042B9E425200940D55 /* Info.plist */,
			);
			path = SofaScoreAcademy;
			sourceTree = "<group>";
		};
		8D8E85562BA6119900D3475D /* Models */ = {
			isa = PBXGroup;
			children = (
				8D8E85572BA611B400D3475D /* Event.swift */,
			);
			path = Models;
			sourceTree = "<group>";
		};
		8D8E85592BA663DB00D3475D /* Views */ = {
			isa = PBXGroup;
			children = (
				8D8E855A2BA663F300D3475D /* MatchView.swift */,
				8D8E85652BA684AB00D3475D /* LeagueView.swift */,
			);
			path = Views;
			sourceTree = "<group>";
		};
		8D8E85672BA7AE8700D3475D /* Abstractions */ = {
			isa = PBXGroup;
			children = (
				8D8E85682BA7AE9800D3475D /* Fonts.swift */,
				8D8E856A2BA7B06100D3475D /* Colors.swift */,
				8D8E856F2BADB7CA00D3475D /* Constants.swift */,
			);
			path = Abstractions;
			sourceTree = "<group>";
		};
		8D8E85712BADC52500D3475D /* Utilities */ = {
			isa = PBXGroup;
			children = (
				8D8E85722BADC55D00D3475D /* ValuePair.swift */,
			);
			path = Utilities;
			sourceTree = "<group>";
		};
/* End PBXGroup section */

/* Begin PBXNativeTarget section */
		8D8A5BF22B9E425100940D55 /* SofaScoreAcademy */ = {
			isa = PBXNativeTarget;
			buildConfigurationList = 8D8A5C072B9E425200940D55 /* Build configuration list for PBXNativeTarget "SofaScoreAcademy" */;
			buildPhases = (
				8D8A5BEF2B9E425100940D55 /* Sources */,
				8D8A5BF02B9E425100940D55 /* Frameworks */,
				8D8A5BF12B9E425100940D55 /* Resources */,
			);
			buildRules = (
			);
			dependencies = (
			);
			name = SofaScoreAcademy;
			packageProductDependencies = (
				8D8E855D2BA6680800D3475D /* SnapKit */,
				8D8E855F2BA6680800D3475D /* SnapKit-Dynamic */,
				8D8E85632BA668CC00D3475D /* SofaAcademic */,
			);
			productName = SofaScoreAcademy;
			productReference = 8D8A5BF32B9E425100940D55 /* SofaScoreAcademy.app */;
			productType = "com.apple.product-type.application";
		};
/* End PBXNativeTarget section */

/* Begin PBXProject section */
		8D8A5BEB2B9E425100940D55 /* Project object */ = {
			isa = PBXProject;
			attributes = {
				BuildIndependentTargetsInParallel = 1;
				LastSwiftUpdateCheck = 1530;
				LastUpgradeCheck = 1530;
				TargetAttributes = {
					8D8A5BF22B9E425100940D55 = {
						CreatedOnToolsVersion = 15.3;
					};
				};
			};
			buildConfigurationList = 8D8A5BEE2B9E425100940D55 /* Build configuration list for PBXProject "SofaScoreAcademy" */;
			compatibilityVersion = "Xcode 14.0";
			developmentRegion = en;
			hasScannedForEncodings = 0;
			knownRegions = (
				en,
				Base,
			);
			mainGroup = 8D8A5BEA2B9E425100940D55;
			packageReferences = (
				8D8E855C2BA6680800D3475D /* XCRemoteSwiftPackageReference "SnapKit" */,
				8D8E85622BA668CC00D3475D /* XCRemoteSwiftPackageReference "academy" */,
			);
			productRefGroup = 8D8A5BF42B9E425100940D55 /* Products */;
			projectDirPath = "";
			projectRoot = "";
			targets = (
				8D8A5BF22B9E425100940D55 /* SofaScoreAcademy */,
			);
		};
/* End PBXProject section */

/* Begin PBXResourcesBuildPhase section */
		8D8A5BF12B9E425100940D55 /* Resources */ = {
			isa = PBXResourcesBuildPhase;
			buildActionMask = 2147483647;
			files = (
				8D8A5C002B9E425200940D55 /* Assets.xcassets in Resources */,
			);
			runOnlyForDeploymentPostprocessing = 0;
		};
/* End PBXResourcesBuildPhase section */

/* Begin PBXSourcesBuildPhase section */
		8D8A5BEF2B9E425100940D55 /* Sources */ = {
			isa = PBXSourcesBuildPhase;
			buildActionMask = 2147483647;
			files = (
				8D8E85582BA611B400D3475D /* Event.swift in Sources */,
				8D8A5BFB2B9E425100940D55 /* ViewController.swift in Sources */,
				8D8E85732BADC55D00D3475D /* ValuePair.swift in Sources */,
				8D8E855B2BA663F300D3475D /* MatchView.swift in Sources */,
				8D8E856B2BA7B06100D3475D /* Colors.swift in Sources */,
				8D8E85662BA684AB00D3475D /* LeagueView.swift in Sources */,
				8D8E85692BA7AE9800D3475D /* Fonts.swift in Sources */,
				8D8A5BF72B9E425100940D55 /* AppDelegate.swift in Sources */,
				8D8E85702BADB7CA00D3475D /* Constants.swift in Sources */,
			);
			runOnlyForDeploymentPostprocessing = 0;
		};
/* End PBXSourcesBuildPhase section */

/* Begin XCBuildConfiguration section */
		8D8A5C052B9E425200940D55 /* Debug */ = {
			isa = XCBuildConfiguration;
			buildSettings = {
				ALWAYS_SEARCH_USER_PATHS = NO;
				ASSETCATALOG_COMPILER_GENERATE_SWIFT_ASSET_SYMBOL_EXTENSIONS = YES;
				CLANG_ANALYZER_NONNULL = YES;
				CLANG_ANALYZER_NUMBER_OBJECT_CONVERSION = YES_AGGRESSIVE;
				CLANG_CXX_LANGUAGE_STANDARD = "gnu++20";
				CLANG_ENABLE_MODULES = YES;
				CLANG_ENABLE_OBJC_ARC = YES;
				CLANG_ENABLE_OBJC_WEAK = YES;
				CLANG_WARN_BLOCK_CAPTURE_AUTORELEASING = YES;
				CLANG_WARN_BOOL_CONVERSION = YES;
				CLANG_WARN_COMMA = YES;
				CLANG_WARN_CONSTANT_CONVERSION = YES;
				CLANG_WARN_DEPRECATED_OBJC_IMPLEMENTATIONS = YES;
				CLANG_WARN_DIRECT_OBJC_ISA_USAGE = YES_ERROR;
				CLANG_WARN_DOCUMENTATION_COMMENTS = YES;
				CLANG_WARN_EMPTY_BODY = YES;
				CLANG_WARN_ENUM_CONVERSION = YES;
				CLANG_WARN_INFINITE_RECURSION = YES;
				CLANG_WARN_INT_CONVERSION = YES;
				CLANG_WARN_NON_LITERAL_NULL_CONVERSION = YES;
				CLANG_WARN_OBJC_IMPLICIT_RETAIN_SELF = YES;
				CLANG_WARN_OBJC_LITERAL_CONVERSION = YES;
				CLANG_WARN_OBJC_ROOT_CLASS = YES_ERROR;
				CLANG_WARN_QUOTED_INCLUDE_IN_FRAMEWORK_HEADER = YES;
				CLANG_WARN_RANGE_LOOP_ANALYSIS = YES;
				CLANG_WARN_STRICT_PROTOTYPES = YES;
				CLANG_WARN_SUSPICIOUS_MOVE = YES;
				CLANG_WARN_UNGUARDED_AVAILABILITY = YES_AGGRESSIVE;
				CLANG_WARN_UNREACHABLE_CODE = YES;
				CLANG_WARN__DUPLICATE_METHOD_MATCH = YES;
				COPY_PHASE_STRIP = NO;
				DEBUG_INFORMATION_FORMAT = dwarf;
				ENABLE_STRICT_OBJC_MSGSEND = YES;
				ENABLE_TESTABILITY = YES;
				ENABLE_USER_SCRIPT_SANDBOXING = YES;
				GCC_C_LANGUAGE_STANDARD = gnu17;
				GCC_DYNAMIC_NO_PIC = NO;
				GCC_NO_COMMON_BLOCKS = YES;
				GCC_OPTIMIZATION_LEVEL = 0;
				GCC_PREPROCESSOR_DEFINITIONS = (
					"DEBUG=1",
					"$(inherited)",
				);
				GCC_WARN_64_TO_32_BIT_CONVERSION = YES;
				GCC_WARN_ABOUT_RETURN_TYPE = YES_ERROR;
				GCC_WARN_UNDECLARED_SELECTOR = YES;
				GCC_WARN_UNINITIALIZED_AUTOS = YES_AGGRESSIVE;
				GCC_WARN_UNUSED_FUNCTION = YES;
				GCC_WARN_UNUSED_VARIABLE = YES;
				IPHONEOS_DEPLOYMENT_TARGET = 17.4;
				LOCALIZATION_PREFERS_STRING_CATALOGS = YES;
				MTL_ENABLE_DEBUG_INFO = INCLUDE_SOURCE;
				MTL_FAST_MATH = YES;
				ONLY_ACTIVE_ARCH = YES;
				SDKROOT = iphoneos;
				SWIFT_ACTIVE_COMPILATION_CONDITIONS = "DEBUG $(inherited)";
				SWIFT_OPTIMIZATION_LEVEL = "-Onone";
			};
			name = Debug;
		};
		8D8A5C062B9E425200940D55 /* Release */ = {
			isa = XCBuildConfiguration;
			buildSettings = {
				ALWAYS_SEARCH_USER_PATHS = NO;
				ASSETCATALOG_COMPILER_GENERATE_SWIFT_ASSET_SYMBOL_EXTENSIONS = YES;
				CLANG_ANALYZER_NONNULL = YES;
				CLANG_ANALYZER_NUMBER_OBJECT_CONVERSION = YES_AGGRESSIVE;
				CLANG_CXX_LANGUAGE_STANDARD = "gnu++20";
				CLANG_ENABLE_MODULES = YES;
				CLANG_ENABLE_OBJC_ARC = YES;
				CLANG_ENABLE_OBJC_WEAK = YES;
				CLANG_WARN_BLOCK_CAPTURE_AUTORELEASING = YES;
				CLANG_WARN_BOOL_CONVERSION = YES;
				CLANG_WARN_COMMA = YES;
				CLANG_WARN_CONSTANT_CONVERSION = YES;
				CLANG_WARN_DEPRECATED_OBJC_IMPLEMENTATIONS = YES;
				CLANG_WARN_DIRECT_OBJC_ISA_USAGE = YES_ERROR;
				CLANG_WARN_DOCUMENTATION_COMMENTS = YES;
				CLANG_WARN_EMPTY_BODY = YES;
				CLANG_WARN_ENUM_CONVERSION = YES;
				CLANG_WARN_INFINITE_RECURSION = YES;
				CLANG_WARN_INT_CONVERSION = YES;
				CLANG_WARN_NON_LITERAL_NULL_CONVERSION = YES;
				CLANG_WARN_OBJC_IMPLICIT_RETAIN_SELF = YES;
				CLANG_WARN_OBJC_LITERAL_CONVERSION = YES;
				CLANG_WARN_OBJC_ROOT_CLASS = YES_ERROR;
				CLANG_WARN_QUOTED_INCLUDE_IN_FRAMEWORK_HEADER = YES;
				CLANG_WARN_RANGE_LOOP_ANALYSIS = YES;
				CLANG_WARN_STRICT_PROTOTYPES = YES;
				CLANG_WARN_SUSPICIOUS_MOVE = YES;
				CLANG_WARN_UNGUARDED_AVAILABILITY = YES_AGGRESSIVE;
				CLANG_WARN_UNREACHABLE_CODE = YES;
				CLANG_WARN__DUPLICATE_METHOD_MATCH = YES;
				COPY_PHASE_STRIP = NO;
				DEBUG_INFORMATION_FORMAT = "dwarf-with-dsym";
				ENABLE_NS_ASSERTIONS = NO;
				ENABLE_STRICT_OBJC_MSGSEND = YES;
				ENABLE_USER_SCRIPT_SANDBOXING = YES;
				GCC_C_LANGUAGE_STANDARD = gnu17;
				GCC_NO_COMMON_BLOCKS = YES;
				GCC_WARN_64_TO_32_BIT_CONVERSION = YES;
				GCC_WARN_ABOUT_RETURN_TYPE = YES_ERROR;
				GCC_WARN_UNDECLARED_SELECTOR = YES;
				GCC_WARN_UNINITIALIZED_AUTOS = YES_AGGRESSIVE;
				GCC_WARN_UNUSED_FUNCTION = YES;
				GCC_WARN_UNUSED_VARIABLE = YES;
				IPHONEOS_DEPLOYMENT_TARGET = 17.4;
				LOCALIZATION_PREFERS_STRING_CATALOGS = YES;
				MTL_ENABLE_DEBUG_INFO = NO;
				MTL_FAST_MATH = YES;
				SDKROOT = iphoneos;
				SWIFT_COMPILATION_MODE = wholemodule;
				VALIDATE_PRODUCT = YES;
			};
			name = Release;
		};
		8D8A5C082B9E425200940D55 /* Debug */ = {
			isa = XCBuildConfiguration;
			buildSettings = {
				ASSETCATALOG_COMPILER_APPICON_NAME = AppIcon;
				ASSETCATALOG_COMPILER_GLOBAL_ACCENT_COLOR_NAME = AccentColor;
				CODE_SIGN_STYLE = Automatic;
				CURRENT_PROJECT_VERSION = 1;
				GENERATE_INFOPLIST_FILE = YES;
				INFOPLIST_FILE = SofaScoreAcademy/Info.plist;
				INFOPLIST_KEY_UIApplicationSupportsIndirectInputEvents = YES;
				INFOPLIST_KEY_UILaunchStoryboardName = LaunchScreen;
				INFOPLIST_KEY_UISupportedInterfaceOrientations_iPad = "UIInterfaceOrientationPortrait UIInterfaceOrientationPortraitUpsideDown UIInterfaceOrientationLandscapeLeft UIInterfaceOrientationLandscapeRight";
				INFOPLIST_KEY_UISupportedInterfaceOrientations_iPhone = "UIInterfaceOrientationPortrait UIInterfaceOrientationLandscapeLeft UIInterfaceOrientationLandscapeRight";
				LD_RUNPATH_SEARCH_PATHS = (
					"$(inherited)",
					"@executable_path/Frameworks",
				);
				MARKETING_VERSION = 1.0;
				PRODUCT_BUNDLE_IDENTIFIER = SofaScore.SofaScoreAcademy;
				PRODUCT_NAME = "$(TARGET_NAME)";
				SWIFT_EMIT_LOC_STRINGS = YES;
				SWIFT_VERSION = 5.0;
				TARGETED_DEVICE_FAMILY = "1,2";
			};
			name = Debug;
		};
		8D8A5C092B9E425200940D55 /* Release */ = {
			isa = XCBuildConfiguration;
			buildSettings = {
				ASSETCATALOG_COMPILER_APPICON_NAME = AppIcon;
				ASSETCATALOG_COMPILER_GLOBAL_ACCENT_COLOR_NAME = AccentColor;
				CODE_SIGN_STYLE = Automatic;
				CURRENT_PROJECT_VERSION = 1;
				GENERATE_INFOPLIST_FILE = YES;
				INFOPLIST_FILE = SofaScoreAcademy/Info.plist;
				INFOPLIST_KEY_UIApplicationSupportsIndirectInputEvents = YES;
				INFOPLIST_KEY_UILaunchStoryboardName = LaunchScreen;
				INFOPLIST_KEY_UISupportedInterfaceOrientations_iPad = "UIInterfaceOrientationPortrait UIInterfaceOrientationPortraitUpsideDown UIInterfaceOrientationLandscapeLeft UIInterfaceOrientationLandscapeRight";
				INFOPLIST_KEY_UISupportedInterfaceOrientations_iPhone = "UIInterfaceOrientationPortrait UIInterfaceOrientationLandscapeLeft UIInterfaceOrientationLandscapeRight";
				LD_RUNPATH_SEARCH_PATHS = (
					"$(inherited)",
					"@executable_path/Frameworks",
				);
				MARKETING_VERSION = 1.0;
				PRODUCT_BUNDLE_IDENTIFIER = SofaScore.SofaScoreAcademy;
				PRODUCT_NAME = "$(TARGET_NAME)";
				SWIFT_EMIT_LOC_STRINGS = YES;
				SWIFT_VERSION = 5.0;
				TARGETED_DEVICE_FAMILY = "1,2";
			};
			name = Release;
		};
/* End XCBuildConfiguration section */

/* Begin XCConfigurationList section */
		8D8A5BEE2B9E425100940D55 /* Build configuration list for PBXProject "SofaScoreAcademy" */ = {
			isa = XCConfigurationList;
			buildConfigurations = (
				8D8A5C052B9E425200940D55 /* Debug */,
				8D8A5C062B9E425200940D55 /* Release */,
			);
			defaultConfigurationIsVisible = 0;
			defaultConfigurationName = Release;
		};
		8D8A5C072B9E425200940D55 /* Build configuration list for PBXNativeTarget "SofaScoreAcademy" */ = {
			isa = XCConfigurationList;
			buildConfigurations = (
				8D8A5C082B9E425200940D55 /* Debug */,
				8D8A5C092B9E425200940D55 /* Release */,
			);
			defaultConfigurationIsVisible = 0;
			defaultConfigurationName = Release;
		};
/* End XCConfigurationList section */

/* Begin XCRemoteSwiftPackageReference section */
		8D8E855C2BA6680800D3475D /* XCRemoteSwiftPackageReference "SnapKit" */ = {
			isa = XCRemoteSwiftPackageReference;
			repositoryURL = "https://github.com/SnapKit/SnapKit";
			requirement = {
				kind = upToNextMajorVersion;
				minimumVersion = 5.7.1;
			};
		};
		8D8E85622BA668CC00D3475D /* XCRemoteSwiftPackageReference "academy" */ = {
			isa = XCRemoteSwiftPackageReference;
			repositoryURL = "https://github.com/sofascore/academy";
			requirement = {
				branch = master;
				kind = branch;
			};
		};
/* End XCRemoteSwiftPackageReference section */

/* Begin XCSwiftPackageProductDependency section */
		8D8E855D2BA6680800D3475D /* SnapKit */ = {
			isa = XCSwiftPackageProductDependency;
			package = 8D8E855C2BA6680800D3475D /* XCRemoteSwiftPackageReference "SnapKit" */;
			productName = SnapKit;
		};
		8D8E855F2BA6680800D3475D /* SnapKit-Dynamic */ = {
			isa = XCSwiftPackageProductDependency;
			package = 8D8E855C2BA6680800D3475D /* XCRemoteSwiftPackageReference "SnapKit" */;
			productName = "SnapKit-Dynamic";
		};
		8D8E85632BA668CC00D3475D /* SofaAcademic */ = {
			isa = XCSwiftPackageProductDependency;
			package = 8D8E85622BA668CC00D3475D /* XCRemoteSwiftPackageReference "academy" */;
			productName = SofaAcademic;
		};
/* End XCSwiftPackageProductDependency section */
	};
	rootObject = 8D8A5BEB2B9E425100940D55 /* Project object */;
}
